
Microsoft Visual Studio Solution File, Format Version 11.00
# Visual Studio 2010
Project("{8BC9CEB8-8B4A-11D0-8D11-00A0C91BC942}") = "贪吃蛇大作战", "贪吃蛇大作战\贪吃蛇大作战.vcxproj", "{F3E90FE5-F5E6-43C0-8C5D-D3DF05296642}"
EndProject
Global
	GlobalSection(SolutionConfigurationPlatforms) = preSolution
		Debug|Win32 = Debug|Win32
		Release|Win32 = Release|Win32
	EndGlobalSection
	GlobalSection(ProjectConfigurationPlatforms) = postSolution
		{F3E90FE5-F5E6-43C0-8C5D-D3DF05296642}.Debug|Win32.ActiveCfg = Debug|Win32
		{F3E90FE5-F5E6-43C0-8C5D-D3DF05296642}.Debug|Win32.Build.0 = Debug|Win32
		{F3E90FE5-F5E6-43C0-8C5D-D3DF05296642}.Release|Win32.ActiveCfg = Release|Win32
		{F3E90FE5-F5E6-43C0-8C5D-D3DF05296642}.Release|Win32.Build.0 = Release|Win32
	EndGlobalSection
	GlobalSection(SolutionProperties) = preSolution
		HideSolutionNode = FALSE
	EndGlobalSection
EndGlobal
